
Microsoft Visual Studio Solution File, Format Version 12.00
# Visual Studio Version 16
VisualStudioVersion = 16.0.31005.135
MinimumVisualStudioVersion = 10.0.40219.1
Project("{9A19103F-16F7-4668-BE54-9A1E7A4F7556}") = "eShopSolution.WebApp", "eShopSolution.WebApp\eShopSolution.WebApp.csproj", "{18E29E6C-E886-4BA6-A6F8-CC368D3F3E1A}"
	ProjectSection(ProjectDependencies) = postProject
		{1E92D2CA-6CC0-4D60-BFB0-827C86D9B721} = {1E92D2CA-6CC0-4D60-BFB0-827C86D9B721}
		{4B1931F8-CBDF-41A6-B283-17ED52A17E5B} = {4B1931F8-CBDF-41A6-B283-17ED52A17E5B}
	EndProjectSection
EndProject
Project("{2150E333-8FDC-42A3-9474-1A3956D46DE8}") = "0. Solution Items", "0. Solution Items", "{9F7819D2-F484-49B3-B60C-493EBBEA6F98}"
	ProjectSection(SolutionItems) = preProject
		README.md = README.md
	EndProjectSection
EndProject
Project("{9A19103F-16F7-4668-BE54-9A1E7A4F7556}") = "eShopSolution.Data", "eShopSolution.Data\eShopSolution.Data.csproj", "{354B6600-6656-4ACA-A7E5-579DFC1EFE66}"
EndProject
Project("{9A19103F-16F7-4668-BE54-9A1E7A4F7556}") = "eShopSolution.Application", "eShopSolution.Application\eShopSolution.Application.csproj", "{45F0B355-B1F4-430F-B7BC-D79CCF9AD2A1}"
EndProject
Project("{9A19103F-16F7-4668-BE54-9A1E7A4F7556}") = "eShopSolution.Ultilities", "eShopSolution.Ultilities\eShopSolution.Ultilities.csproj", "{741CE14F-821D-474B-9F29-F04F2AE03A66}"
EndProject
Project("{9A19103F-16F7-4668-BE54-9A1E7A4F7556}") = "eShopSolution.ViewModels", "eShopSolution.ViewModels\eShopSolution.ViewModels.csproj", "{1E92D2CA-6CC0-4D60-BFB0-827C86D9B721}"
EndProject
Project("{9A19103F-16F7-4668-BE54-9A1E7A4F7556}") = "eShopSolution.BackendApi", "eShopSolution.BackendApi\eShopSolution.BackendApi.csproj", "{4B1931F8-CBDF-41A6-B283-17ED52A17E5B}"
EndProject
Project("{2150E333-8FDC-42A3-9474-1A3956D46DE8}") = "1. Infrastructure", "1. Infrastructure", "{555ACDD8-B810-4230-9EE2-7BD91FD3DB61}"
EndProject
Project("{2150E333-8FDC-42A3-9474-1A3956D46DE8}") = "2. Domain", "2. Domain", "{8FA03FCA-3CAE-4009-BDB5-3173F6150AAE}"
EndProject
Project("{2150E333-8FDC-42A3-9474-1A3956D46DE8}") = "3. Host", "3. Host", "{4A7F242C-FBC6-4065-856A-3DED37CDF637}"
EndProject
Project("{9A19103F-16F7-4668-BE54-9A1E7A4F7556}") = "eShopSolution.AdminApp", "eShopSolution.AdminApp\eShopSolution.AdminApp.csproj", "{D735BC52-D1BE-456A-A431-A0F626D21E10}"
	ProjectSection(ProjectDependencies) = postProject
		{4B1931F8-CBDF-41A6-B283-17ED52A17E5B} = {4B1931F8-CBDF-41A6-B283-17ED52A17E5B}
	EndProjectSection
EndProject
Global
	GlobalSection(SolutionConfigurationPlatforms) = preSolution
		Debug|Any CPU = Debug|Any CPU
		Release|Any CPU = Release|Any CPU
	EndGlobalSection
	GlobalSection(ProjectConfigurationPlatforms) = postSolution
		{18E29E6C-E886-4BA6-A6F8-CC368D3F3E1A}.Debug|Any CPU.ActiveCfg = Debug|Any CPU
		{18E29E6C-E886-4BA6-A6F8-CC368D3F3E1A}.Debug|Any CPU.Build.0 = Debug|Any CPU
		{18E29E6C-E886-4BA6-A6F8-CC368D3F3E1A}.Release|Any CPU.ActiveCfg = Release|Any CPU
		{18E29E6C-E886-4BA6-A6F8-CC368D3F3E1A}.Release|Any CPU.Build.0 = Release|Any CPU
		{354B6600-6656-4ACA-A7E5-579DFC1EFE66}.Debug|Any CPU.ActiveCfg = Debug|Any CPU
		{354B6600-6656-4ACA-A7E5-579DFC1EFE66}.Debug|Any CPU.Build.0 = Debug|Any CPU
		{354B6600-6656-4ACA-A7E5-579DFC1EFE66}.Release|Any CPU.ActiveCfg = Release|Any CPU
		{354B6600-6656-4ACA-A7E5-579DFC1EFE66}.Release|Any CPU.Build.0 = Release|Any CPU
		{45F0B355-B1F4-430F-B7BC-D79CCF9AD2A1}.Debug|Any CPU.ActiveCfg = Debug|Any CPU
		{45F0B355-B1F4-430F-B7BC-D79CCF9AD2A1}.Debug|Any CPU.Build.0 = Debug|Any CPU
		{45F0B355-B1F4-430F-B7BC-D79CCF9AD2A1}.Release|Any CPU.ActiveCfg = Release|Any CPU
		{45F0B355-B1F4-430F-B7BC-D79CCF9AD2A1}.Release|Any CPU.Build.0 = Release|Any CPU
		{741CE14F-821D-474B-9F29-F04F2AE03A66}.Debug|Any CPU.ActiveCfg = Debug|Any CPU
		{741CE14F-821D-474B-9F29-F04F2AE03A66}.Debug|Any CPU.Build.0 = Debug|Any CPU
		{741CE14F-821D-474B-9F29-F04F2AE03A66}.Release|Any CPU.ActiveCfg = Release|Any CPU
		{741CE14F-821D-474B-9F29-F04F2AE03A66}.Release|Any CPU.Build.0 = Release|Any CPU
		{1E92D2CA-6CC0-4D60-BFB0-827C86D9B721}.Debug|Any CPU.ActiveCfg = Debug|Any CPU
		{1E92D2CA-6CC0-4D60-BFB0-827C86D9B721}.Debug|Any CPU.Build.0 = Debug|Any CPU
		{1E92D2CA-6CC0-4D60-BFB0-827C86D9B721}.Release|Any CPU.ActiveCfg = Release|Any CPU
		{1E92D2CA-6CC0-4D60-BFB0-827C86D9B721}.Release|Any CPU.Build.0 = Release|Any CPU
		{4B1931F8-CBDF-41A6-B283-17ED52A17E5B}.Debug|Any CPU.ActiveCfg = Debug|Any CPU
		{4B1931F8-CBDF-41A6-B283-17ED52A17E5B}.Debug|Any CPU.Build.0 = Debug|Any CPU
		{4B1931F8-CBDF-41A6-B283-17ED52A17E5B}.Release|Any CPU.ActiveCfg = Release|Any CPU
		{4B1931F8-CBDF-41A6-B283-17ED52A17E5B}.Release|Any CPU.Build.0 = Release|Any CPU
		{D735BC52-D1BE-456A-A431-A0F626D21E10}.Debug|Any CPU.ActiveCfg = Debug|Any CPU
		{D735BC52-D1BE-456A-A431-A0F626D21E10}.Debug|Any CPU.Build.0 = Debug|Any CPU
		{D735BC52-D1BE-456A-A431-A0F626D21E10}.Release|Any CPU.ActiveCfg = Release|Any CPU
		{D735BC52-D1BE-456A-A431-A0F626D21E10}.Release|Any CPU.Build.0 = Release|Any CPU
	EndGlobalSection
	GlobalSection(SolutionProperties) = preSolution
		HideSolutionNode = FALSE
	EndGlobalSection
	GlobalSection(NestedProjects) = preSolution
		{18E29E6C-E886-4BA6-A6F8-CC368D3F3E1A} = {4A7F242C-FBC6-4065-856A-3DED37CDF637}
		{354B6600-6656-4ACA-A7E5-579DFC1EFE66} = {8FA03FCA-3CAE-4009-BDB5-3173F6150AAE}
		{45F0B355-B1F4-430F-B7BC-D79CCF9AD2A1} = {8FA03FCA-3CAE-4009-BDB5-3173F6150AAE}
		{741CE14F-821D-474B-9F29-F04F2AE03A66} = {555ACDD8-B810-4230-9EE2-7BD91FD3DB61}
		{1E92D2CA-6CC0-4D60-BFB0-827C86D9B721} = {555ACDD8-B810-4230-9EE2-7BD91FD3DB61}
		{4B1931F8-CBDF-41A6-B283-17ED52A17E5B} = {4A7F242C-FBC6-4065-856A-3DED37CDF637}
		{D735BC52-D1BE-456A-A431-A0F626D21E10} = {4A7F242C-FBC6-4065-856A-3DED37CDF637}
	EndGlobalSection
	GlobalSection(ExtensibilityGlobals) = postSolution
		SolutionGuid = {209C1140-AEA8-472A-88B8-418822B321AD}
	EndGlobalSection
EndGlobal
